
Microsoft Visual Studio Solution File, Format Version 12.00
# Visual Studio Version 17
VisualStudioVersion = 17.6.33712.159
MinimumVisualStudioVersion = 10.0.40219.1
Project("{FAE04EC0-301F-11D3-BF4B-00C04F79EFBC}") = "png2ico", "png2ico.csproj", "{F8F9D106-ADA7-4AB5-833A-2E0EC4CF9834}"
EndProject
Global
	GlobalSection(SolutionConfigurationPlatforms) = preSolution
		Debug|Any CPU = Debug|Any CPU
		Debug|x64 = Debug|x64
		Release|Any CPU = Release|Any CPU
		Release|x64 = Release|x64
	EndGlobalSection
	GlobalSection(ProjectConfigurationPlatforms) = postSolution
		{F8F9D106-ADA7-4AB5-833A-2E0EC4CF9834}.Debug|Any CPU.ActiveCfg = Debug|Any CPU
		{F8F9D106-ADA7-4AB5-833A-2E0EC4CF9834}.Debug|Any CPU.Build.0 = Debug|Any CPU
		{F8F9D106-ADA7-4AB5-833A-2E0EC4CF9834}.Debug|x64.ActiveCfg = Release|x64
		{F8F9D106-ADA7-4AB5-833A-2E0EC4CF9834}.Debug|x64.Build.0 = Release|x64
		{F8F9D106-ADA7-4AB5-833A-2E0EC4CF9834}.Release|Any CPU.ActiveCfg = Release|Any CPU
		{F8F9D106-ADA7-4AB5-833A-2E0EC4CF9834}.Release|Any CPU.Build.0 = Release|Any CPU
		{F8F9D106-ADA7-4AB5-833A-2E0EC4CF9834}.Release|x64.ActiveCfg = Release|x64
		{F8F9D106-ADA7-4AB5-833A-2E0EC4CF9834}.Release|x64.Build.0 = Release|x64
	EndGlobalSection
	GlobalSection(SolutionProperties) = preSolution
		HideSolutionNode = FALSE
	EndGlobalSection
	GlobalSection(ExtensibilityGlobals) = postSolution
		SolutionGuid = {7F438D1E-4E76-4F11-A57E-72917AEA6B6E}
	EndGlobalSection
EndGlobal
